// !$*UTF8*$!
{
	archiveVersion = 1;
	classes = {
	};
	objectVersion = 56;
	objects = {

/* Begin PBXBuildFile section */
		7519CDA42A8A24290018C356 /* BadgeSymbol.swift in Sources */ = {isa = PBXBuildFile; fileRef = 7519CDA32A8A24290018C356 /* BadgeSymbol.swift */; };
		7519CDA62A8A276E0018C356 /* hikeData.json in Resources */ = {isa = PBXBuildFile; fileRef = 7519CDA52A8A276E0018C356 /* hikeData.json */; };
		7519CDA82A8A27900018C356 /* Hike.swift in Sources */ = {isa = PBXBuildFile; fileRef = 7519CDA72A8A27900018C356 /* Hike.swift */; };
		7519CDAE2A8A28740018C356 /* GraphCapsule.swift in Sources */ = {isa = PBXBuildFile; fileRef = 7519CDAA2A8A28740018C356 /* GraphCapsule.swift */; };
		7519CDAF2A8A28740018C356 /* HikeGraph.swift in Sources */ = {isa = PBXBuildFile; fileRef = 7519CDAB2A8A28740018C356 /* HikeGraph.swift */; };
		7519CDB02A8A28740018C356 /* HikeDetail.swift in Sources */ = {isa = PBXBuildFile; fileRef = 7519CDAC2A8A28740018C356 /* HikeDetail.swift */; };
		7519CDB12A8A28740018C356 /* HikeView.swift in Sources */ = {isa = PBXBuildFile; fileRef = 7519CDAD2A8A28740018C356 /* HikeView.swift */; };
		752B8FE62A901AC100484F8D /* ContentView.swift in Sources */ = {isa = PBXBuildFile; fileRef = 752B8FE52A901AC100484F8D /* ContentView.swift */; };
		752B8FE82A901AC100484F8D /* Assets.xcassets in Resources */ = {isa = PBXBuildFile; fileRef = 752B8FE72A901AC100484F8D /* Assets.xcassets */; };
		752B8FEE2A901AC100484F8D /* WatchLandmarks Watch App.app in Embed Watch Content */ = {isa = PBXBuildFile; fileRef = 752B8FE12A901AC100484F8D /* WatchLandmarks Watch App.app */; settings = {ATTRIBUTES = (RemoveHeadersOnCopy, ); }; };
		752B8FF22A901C6600484F8D /* hikeData.json in Resources */ = {isa = PBXBuildFile; fileRef = 7519CDA52A8A276E0018C356 /* hikeData.json */; };
		752B8FF32A901C6600484F8D /* landmarkData.json in Resources */ = {isa = PBXBuildFile; fileRef = 7539744B2A7CC74100491DB6 /* landmarkData.json */; };
		752B8FF42A901C6600484F8D /* LandmarksApp.swift in Sources */ = {isa = PBXBuildFile; fileRef = 753974372A7C3C9E00491DB6 /* LandmarksApp.swift */; };
		752B8FF52A901C6600484F8D /* Assets.xcassets in Resources */ = {isa = PBXBuildFile; fileRef = 7539743B2A7C3CA000491DB6 /* Assets.xcassets */; };
		752B8FF62A901C6600484F8D /* ModelData.swift in Sources */ = {isa = PBXBuildFile; fileRef = 7539744F2A7CCCF800491DB6 /* ModelData.swift */; };
		752B8FF72A901C6600484F8D /* LandmarkList.swift in Sources */ = {isa = PBXBuildFile; fileRef = 753974562A7CDE5500491DB6 /* LandmarkList.swift */; };
		752B8FF82A901C6600484F8D /* Landmark.swift in Sources */ = {isa = PBXBuildFile; fileRef = 7539744D2A7CC7A200491DB6 /* Landmark.swift */; };
		752B8FF92A901C6600484F8D /* Profile.swift in Sources */ = {isa = PBXBuildFile; fileRef = 752F6BF42A8E9E9F00E886C6 /* Profile.swift */; };
		752B8FFA2A901C6600484F8D /* Hike.swift in Sources */ = {isa = PBXBuildFile; fileRef = 7519CDA72A8A27900018C356 /* Hike.swift */; };
		752B8FFB2A901C6600484F8D /* LandmarkRow.swift in Sources */ = {isa = PBXBuildFile; fileRef = 753974542A7CD59800491DB6 /* LandmarkRow.swift */; };
		752B8FFC2A901C6600484F8D /* MapView.swift in Sources */ = {isa = PBXBuildFile; fileRef = 753974492A7CBCAF00491DB6 /* MapView.swift */; };
		752B8FFD2A901C6600484F8D /* CircleImage.swift in Sources */ = {isa = PBXBuildFile; fileRef = 753974472A7CBABD00491DB6 /* CircleImage.swift */; };
		752B8FFF2A901CAB00484F8D /* LandmarkDetail.swift in Sources */ = {isa = PBXBuildFile; fileRef = 752B8FFE2A901CAB00484F8D /* LandmarkDetail.swift */; };
		752C36C42A8A234500DA3ED6 /* HexagonParameters.swift in Sources */ = {isa = PBXBuildFile; fileRef = 752C36C32A8A234500DA3ED6 /* HexagonParameters.swift */; };
		752F6BEF2A8A4F0D00E886C6 /* CategoryHome.swift in Sources */ = {isa = PBXBuildFile; fileRef = 752F6BEE2A8A4F0D00E886C6 /* CategoryHome.swift */; };
		752F6BF12A8A52D700E886C6 /* CategoryRow.swift in Sources */ = {isa = PBXBuildFile; fileRef = 752F6BF02A8A52D700E886C6 /* CategoryRow.swift */; };
		752F6BF32A8A54F200E886C6 /* CategoryItem.swift in Sources */ = {isa = PBXBuildFile; fileRef = 752F6BF22A8A54F200E886C6 /* CategoryItem.swift */; };
		752F6BF52A8E9E9F00E886C6 /* Profile.swift in Sources */ = {isa = PBXBuildFile; fileRef = 752F6BF42A8E9E9F00E886C6 /* Profile.swift */; };
		752F6BF82A8E9F9200E886C6 /* ProfileHost.swift in Sources */ = {isa = PBXBuildFile; fileRef = 752F6BF72A8E9F9200E886C6 /* ProfileHost.swift */; };
		752F6BFA2A8E9FD900E886C6 /* ProfileSummary.swift in Sources */ = {isa = PBXBuildFile; fileRef = 752F6BF92A8E9FD900E886C6 /* ProfileSummary.swift */; };
		752F6BFC2A8EA0DF00E886C6 /* HikeBadge.swift in Sources */ = {isa = PBXBuildFile; fileRef = 752F6BFB2A8EA0DF00E886C6 /* HikeBadge.swift */; };
		752F6BFE2A8F1C0700E886C6 /* ProfileEditor.swift in Sources */ = {isa = PBXBuildFile; fileRef = 752F6BFD2A8F1C0700E886C6 /* ProfileEditor.swift */; };
		752F6C032A8F2D4A00E886C6 /* PageViewController.swift in Sources */ = {isa = PBXBuildFile; fileRef = 752F6C022A8F2D4A00E886C6 /* PageViewController.swift */; };
		752F6C052A8F2EFB00E886C6 /* FeatureCard.swift in Sources */ = {isa = PBXBuildFile; fileRef = 752F6C042A8F2EFB00E886C6 /* FeatureCard.swift */; };
		752F6C072A8F30CB00E886C6 /* PageView.swift in Sources */ = {isa = PBXBuildFile; fileRef = 752F6C062A8F30CB00E886C6 /* PageView.swift */; };
		752F6C092A8F377D00E886C6 /* PageControl.swift in Sources */ = {isa = PBXBuildFile; fileRef = 752F6C082A8F377D00E886C6 /* PageControl.swift */; };
		753974382A7C3C9E00491DB6 /* LandmarksApp.swift in Sources */ = {isa = PBXBuildFile; fileRef = 753974372A7C3C9E00491DB6 /* LandmarksApp.swift */; };
		7539743A2A7C3C9E00491DB6 /* ContentView.swift in Sources */ = {isa = PBXBuildFile; fileRef = 753974392A7C3C9E00491DB6 /* ContentView.swift */; };
		7539743C2A7C3CA000491DB6 /* Assets.xcassets in Resources */ = {isa = PBXBuildFile; fileRef = 7539743B2A7C3CA000491DB6 /* Assets.xcassets */; };
		7539743F2A7C3CA000491DB6 /* Preview Assets.xcassets in Resources */ = {isa = PBXBuildFile; fileRef = 7539743E2A7C3CA000491DB6 /* Preview Assets.xcassets */; };
		753974482A7CBABD00491DB6 /* CircleImage.swift in Sources */ = {isa = PBXBuildFile; fileRef = 753974472A7CBABD00491DB6 /* CircleImage.swift */; };
		7539744A2A7CBCAF00491DB6 /* MapView.swift in Sources */ = {isa = PBXBuildFile; fileRef = 753974492A7CBCAF00491DB6 /* MapView.swift */; };
		7539744C2A7CC74100491DB6 /* landmarkData.json in Resources */ = {isa = PBXBuildFile; fileRef = 7539744B2A7CC74100491DB6 /* landmarkData.json */; };
		7539744E2A7CC7A200491DB6 /* Landmark.swift in Sources */ = {isa = PBXBuildFile; fileRef = 7539744D2A7CC7A200491DB6 /* Landmark.swift */; };
		753974502A7CCCF800491DB6 /* ModelData.swift in Sources */ = {isa = PBXBuildFile; fileRef = 7539744F2A7CCCF800491DB6 /* ModelData.swift */; };
		753974552A7CD59800491DB6 /* LandmarkRow.swift in Sources */ = {isa = PBXBuildFile; fileRef = 753974542A7CD59800491DB6 /* LandmarkRow.swift */; };
		753974572A7CDE5500491DB6 /* LandmarkList.swift in Sources */ = {isa = PBXBuildFile; fileRef = 753974562A7CDE5500491DB6 /* LandmarkList.swift */; };
		753974592A7CE05700491DB6 /* LandmarkDetail.swift in Sources */ = {isa = PBXBuildFile; fileRef = 753974582A7CE05700491DB6 /* LandmarkDetail.swift */; };
		753D7BE22A907C33007646F2 /* ComplicationController.swift in Sources */ = {isa = PBXBuildFile; fileRef = 753D7BE12A907C33007646F2 /* ComplicationController.swift */; };
		753D7BE52A907FAB007646F2 /* Preview Assets.xcassets in Resources */ = {isa = PBXBuildFile; fileRef = 753D7BE42A907FAB007646F2 /* Preview Assets.xcassets */; };
		753E623A2A83892E00FA6504 /* FavoriteButton.swift in Sources */ = {isa = PBXBuildFile; fileRef = 753E62392A83892E00FA6504 /* FavoriteButton.swift */; };
		756E53E12A8A1E5F00109303 /* Badge.swift in Sources */ = {isa = PBXBuildFile; fileRef = 756E53E02A8A1E5F00109303 /* Badge.swift */; };
		756E53E52A8A20FD00109303 /* RotatedBadgeSymbol.swift in Sources */ = {isa = PBXBuildFile; fileRef = 756E53E42A8A20FD00109303 /* RotatedBadgeSymbol.swift */; };
		758587202AA5F57300AC1D3A /* ContentView.swift in Sources */ = {isa = PBXBuildFile; fileRef = 7585871F2AA5F57300AC1D3A /* ContentView.swift */; };
		758587222AA5F57500AC1D3A /* Assets.xcassets in Resources */ = {isa = PBXBuildFile; fileRef = 758587212AA5F57500AC1D3A /* Assets.xcassets */; };
		758587252AA5F57500AC1D3A /* Preview Assets.xcassets in Resources */ = {isa = PBXBuildFile; fileRef = 758587242AA5F57500AC1D3A /* Preview Assets.xcassets */; };
		7585872A2AA5F7E100AC1D3A /* CircleImage.swift in Sources */ = {isa = PBXBuildFile; fileRef = 753974472A7CBABD00491DB6 /* CircleImage.swift */; };
		7585872B2AA5F7E100AC1D3A /* LandmarkList.swift in Sources */ = {isa = PBXBuildFile; fileRef = 753974562A7CDE5500491DB6 /* LandmarkList.swift */; };
		7585872C2AA5F7E100AC1D3A /* FavoriteButton.swift in Sources */ = {isa = PBXBuildFile; fileRef = 753E62392A83892E00FA6504 /* FavoriteButton.swift */; };
		7585872D2AA5F7E100AC1D3A /* hikeData.json in Resources */ = {isa = PBXBuildFile; fileRef = 7519CDA52A8A276E0018C356 /* hikeData.json */; };
		7585872E2AA5F7E100AC1D3A /* landmarkData.json in Resources */ = {isa = PBXBuildFile; fileRef = 7539744B2A7CC74100491DB6 /* landmarkData.json */; };
		7585872F2AA5F7E100AC1D3A /* MapView.swift in Sources */ = {isa = PBXBuildFile; fileRef = 753974492A7CBCAF00491DB6 /* MapView.swift */; };
		758587302AA5F7E100AC1D3A /* LandmarksApp.swift in Sources */ = {isa = PBXBuildFile; fileRef = 753974372A7C3C9E00491DB6 /* LandmarksApp.swift */; };
		758587312AA5F7E100AC1D3A /* Assets.xcassets in Resources */ = {isa = PBXBuildFile; fileRef = 7539743B2A7C3CA000491DB6 /* Assets.xcassets */; };
		758587322AA5F7E100AC1D3A /* LandmarkDetail.swift in Sources */ = {isa = PBXBuildFile; fileRef = 753974582A7CE05700491DB6 /* LandmarkDetail.swift */; };
		758587332AA5F8AE00AC1D3A /* ModelData.swift in Sources */ = {isa = PBXBuildFile; fileRef = 7539744F2A7CCCF800491DB6 /* ModelData.swift */; };
		75C4F85E2A83954700AB7DCE /* BadgeBackground.swift in Sources */ = {isa = PBXBuildFile; fileRef = 75C4F85D2A83954700AB7DCE /* BadgeBackground.swift */; };
		75CCAA362A90749F00969DB3 /* PushNotificationPayload.apns in Resources */ = {isa = PBXBuildFile; fileRef = 75CCAA352A90749F00969DB3 /* PushNotificationPayload.apns */; };
		75CCAA3E2A90751C00969DB3 /* NotificationController.swift in Sources */ = {isa = PBXBuildFile; fileRef = 75CCAA3D2A90751C00969DB3 /* NotificationController.swift */; };
		75CCAA482A90754300969DB3 /* NotificationView.swift in Sources */ = {isa = PBXBuildFile; fileRef = 75CCAA312A9070BE00969DB3 /* NotificationView.swift */; };
		75CCAA492A9075FB00969DB3 /* LandmarkRow.swift in Sources */ = {isa = PBXBuildFile; fileRef = 753974542A7CD59800491DB6 /* LandmarkRow.swift */; };
		75CCAA4A2A9075FB00969DB3 /* landmarkData.json in Resources */ = {isa = PBXBuildFile; fileRef = 7539744B2A7CC74100491DB6 /* landmarkData.json */; };
		75CCAA4B2A9075FB00969DB3 /* Profile.swift in Sources */ = {isa = PBXBuildFile; fileRef = 752F6BF42A8E9E9F00E886C6 /* Profile.swift */; };
		75CCAA4C2A9075FB00969DB3 /* Hike.swift in Sources */ = {isa = PBXBuildFile; fileRef = 7519CDA72A8A27900018C356 /* Hike.swift */; };
		75CCAA4D2A9075FB00969DB3 /* Assets.xcassets in Resources */ = {isa = PBXBuildFile; fileRef = 7539743B2A7C3CA000491DB6 /* Assets.xcassets */; };
		75CCAA4E2A9075FB00969DB3 /* CircleImage.swift in Sources */ = {isa = PBXBuildFile; fileRef = 753974472A7CBABD00491DB6 /* CircleImage.swift */; };
		75CCAA4F2A9075FB00969DB3 /* hikeData.json in Resources */ = {isa = PBXBuildFile; fileRef = 7519CDA52A8A276E0018C356 /* hikeData.json */; };
		75CCAA502A9075FB00969DB3 /* LandmarksApp.swift in Sources */ = {isa = PBXBuildFile; fileRef = 753974372A7C3C9E00491DB6 /* LandmarksApp.swift */; };
		75CCAA512A9075FB00969DB3 /* LandmarkList.swift in Sources */ = {isa = PBXBuildFile; fileRef = 753974562A7CDE5500491DB6 /* LandmarkList.swift */; };
		75CCAA522A9075FB00969DB3 /* ModelData.swift in Sources */ = {isa = PBXBuildFile; fileRef = 7539744F2A7CCCF800491DB6 /* ModelData.swift */; };
		75CCAA532A9075FB00969DB3 /* Landmark.swift in Sources */ = {isa = PBXBuildFile; fileRef = 7539744D2A7CC7A200491DB6 /* Landmark.swift */; };
		75CCAA542A9075FB00969DB3 /* MapView.swift in Sources */ = {isa = PBXBuildFile; fileRef = 753974492A7CBCAF00491DB6 /* MapView.swift */; };
		75CCAA552A9076EB00969DB3 /* ContentView.swift in Sources */ = {isa = PBXBuildFile; fileRef = 752B8FE52A901AC100484F8D /* ContentView.swift */; };
		75CCAA562A9076EB00969DB3 /* LandmarkDetail.swift in Sources */ = {isa = PBXBuildFile; fileRef = 752B8FFE2A901CAB00484F8D /* LandmarkDetail.swift */; };
		75F373572A90833C00CB1AE0 /* NotificationController.swift in Sources */ = {isa = PBXBuildFile; fileRef = 75CCAA3D2A90751C00969DB3 /* NotificationController.swift */; };
		75F373582A90839500CB1AE0 /* Preview Assets.xcassets in Resources */ = {isa = PBXBuildFile; fileRef = 753D7BE42A907FAB007646F2 /* Preview Assets.xcassets */; };
		75F373592A90839500CB1AE0 /* NotificationView.swift in Sources */ = {isa = PBXBuildFile; fileRef = 75CCAA312A9070BE00969DB3 /* NotificationView.swift */; };
		75F3735A2A90839500CB1AE0 /* ComplicationController.swift in Sources */ = {isa = PBXBuildFile; fileRef = 753D7BE12A907C33007646F2 /* ComplicationController.swift */; };
		75F3735B2A90839600CB1AE0 /* PushNotificationPayload.apns in Resources */ = {isa = PBXBuildFile; fileRef = 75CCAA352A90749F00969DB3 /* PushNotificationPayload.apns */; };
/* End PBXBuildFile section */

/* Begin PBXContainerItemProxy section */
		752B8FEC2A901AC100484F8D /* PBXContainerItemProxy */ = {
			isa = PBXContainerItemProxy;
			containerPortal = 7539742C2A7C3C9E00491DB6 /* Project object */;
			proxyType = 1;
			remoteGlobalIDString = 752B8FE02A901AC100484F8D;
			remoteInfo = "WatchLandmarks Watch App";
		};
/* End PBXContainerItemProxy section */

/* Begin PBXCopyFilesBuildPhase section */
		752F6C1F2A900B5400E886C6 /* Embed Watch Content */ = {
			isa = PBXCopyFilesBuildPhase;
			buildActionMask = 2147483647;
			dstPath = "$(CONTENTS_FOLDER_PATH)/Watch";
			dstSubfolderSpec = 16;
			files = (
				752B8FEE2A901AC100484F8D /* WatchLandmarks Watch App.app in Embed Watch Content */,
			);
			name = "Embed Watch Content";
			runOnlyForDeploymentPostprocessing = 0;
		};
/* End PBXCopyFilesBuildPhase section */

/* Begin PBXFileReference section */
		7519CDA32A8A24290018C356 /* BadgeSymbol.swift */ = {isa = PBXFileReference; lastKnownFileType = sourcecode.swift; path = BadgeSymbol.swift; sourceTree = "<group>"; };
		7519CDA52A8A276E0018C356 /* hikeData.json */ = {isa = PBXFileReference; fileEncoding = 4; lastKnownFileType = text.json; path = hikeData.json; sourceTree = "<group>"; };
		7519CDA72A8A27900018C356 /* Hike.swift */ = {isa = PBXFileReference; lastKnownFileType = sourcecode.swift; path = Hike.swift; sourceTree = "<group>"; };
		7519CDAA2A8A28740018C356 /* GraphCapsule.swift */ = {isa = PBXFileReference; fileEncoding = 4; lastKnownFileType = sourcecode.swift; path = GraphCapsule.swift; sourceTree = "<group>"; };
		7519CDAB2A8A28740018C356 /* HikeGraph.swift */ = {isa = PBXFileReference; fileEncoding = 4; lastKnownFileType = sourcecode.swift; path = HikeGraph.swift; sourceTree = "<group>"; };
		7519CDAC2A8A28740018C356 /* HikeDetail.swift */ = {isa = PBXFileReference; fileEncoding = 4; lastKnownFileType = sourcecode.swift; path = HikeDetail.swift; sourceTree = "<group>"; };
		7519CDAD2A8A28740018C356 /* HikeView.swift */ = {isa = PBXFileReference; fileEncoding = 4; lastKnownFileType = sourcecode.swift; path = HikeView.swift; sourceTree = "<group>"; };
		752B8FE12A901AC100484F8D /* WatchLandmarks Watch App.app */ = {isa = PBXFileReference; explicitFileType = wrapper.application; includeInIndex = 0; path = "WatchLandmarks Watch App.app"; sourceTree = BUILT_PRODUCTS_DIR; };
		752B8FE52A901AC100484F8D /* ContentView.swift */ = {isa = PBXFileReference; lastKnownFileType = sourcecode.swift; path = ContentView.swift; sourceTree = "<group>"; };
		752B8FE72A901AC100484F8D /* Assets.xcassets */ = {isa = PBXFileReference; lastKnownFileType = folder.assetcatalog; path = Assets.xcassets; sourceTree = "<group>"; };
		752B8FFE2A901CAB00484F8D /* LandmarkDetail.swift */ = {isa = PBXFileReference; lastKnownFileType = sourcecode.swift; path = LandmarkDetail.swift; sourceTree = "<group>"; };
		752C36C32A8A234500DA3ED6 /* HexagonParameters.swift */ = {isa = PBXFileReference; lastKnownFileType = sourcecode.swift; path = HexagonParameters.swift; sourceTree = "<group>"; };
		752F6BEE2A8A4F0D00E886C6 /* CategoryHome.swift */ = {isa = PBXFileReference; lastKnownFileType = sourcecode.swift; path = CategoryHome.swift; sourceTree = "<group>"; };
		752F6BF02A8A52D700E886C6 /* CategoryRow.swift */ = {isa = PBXFileReference; lastKnownFileType = sourcecode.swift; path = CategoryRow.swift; sourceTree = "<group>"; };
		752F6BF22A8A54F200E886C6 /* CategoryItem.swift */ = {isa = PBXFileReference; lastKnownFileType = sourcecode.swift; path = CategoryItem.swift; sourceTree = "<group>"; };
		752F6BF42A8E9E9F00E886C6 /* Profile.swift */ = {isa = PBXFileReference; lastKnownFileType = sourcecode.swift; path = Profile.swift; sourceTree = "<group>"; };
		752F6BF72A8E9F9200E886C6 /* ProfileHost.swift */ = {isa = PBXFileReference; lastKnownFileType = sourcecode.swift; path = ProfileHost.swift; sourceTree = "<group>"; };
		752F6BF92A8E9FD900E886C6 /* ProfileSummary.swift */ = {isa = PBXFileReference; lastKnownFileType = sourcecode.swift; path = ProfileSummary.swift; sourceTree = "<group>"; };
		752F6BFB2A8EA0DF00E886C6 /* HikeBadge.swift */ = {isa = PBXFileReference; lastKnownFileType = sourcecode.swift; path = HikeBadge.swift; sourceTree = "<group>"; };
		752F6BFD2A8F1C0700E886C6 /* ProfileEditor.swift */ = {isa = PBXFileReference; lastKnownFileType = sourcecode.swift; path = ProfileEditor.swift; sourceTree = "<group>"; };
		752F6C022A8F2D4A00E886C6 /* PageViewController.swift */ = {isa = PBXFileReference; lastKnownFileType = sourcecode.swift; path = PageViewController.swift; sourceTree = "<group>"; };
		752F6C042A8F2EFB00E886C6 /* FeatureCard.swift */ = {isa = PBXFileReference; lastKnownFileType = sourcecode.swift; path = FeatureCard.swift; sourceTree = "<group>"; };
		752F6C062A8F30CB00E886C6 /* PageView.swift */ = {isa = PBXFileReference; lastKnownFileType = sourcecode.swift; path = PageView.swift; sourceTree = "<group>"; };
		752F6C082A8F377D00E886C6 /* PageControl.swift */ = {isa = PBXFileReference; lastKnownFileType = sourcecode.swift; path = PageControl.swift; sourceTree = "<group>"; };
		753974342A7C3C9E00491DB6 /* Landmarks.app */ = {isa = PBXFileReference; explicitFileType = wrapper.application; includeInIndex = 0; path = Landmarks.app; sourceTree = BUILT_PRODUCTS_DIR; };
		753974372A7C3C9E00491DB6 /* LandmarksApp.swift */ = {isa = PBXFileReference; lastKnownFileType = sourcecode.swift; path = LandmarksApp.swift; sourceTree = "<group>"; };
		753974392A7C3C9E00491DB6 /* ContentView.swift */ = {isa = PBXFileReference; lastKnownFileType = sourcecode.swift; path = ContentView.swift; sourceTree = "<group>"; };
		7539743B2A7C3CA000491DB6 /* Assets.xcassets */ = {isa = PBXFileReference; lastKnownFileType = folder.assetcatalog; path = Assets.xcassets; sourceTree = "<group>"; };
		7539743E2A7C3CA000491DB6 /* Preview Assets.xcassets */ = {isa = PBXFileReference; lastKnownFileType = folder.assetcatalog; path = "Preview Assets.xcassets"; sourceTree = "<group>"; };
		753974472A7CBABD00491DB6 /* CircleImage.swift */ = {isa = PBXFileReference; lastKnownFileType = sourcecode.swift; path = CircleImage.swift; sourceTree = "<group>"; };
		753974492A7CBCAF00491DB6 /* MapView.swift */ = {isa = PBXFileReference; lastKnownFileType = sourcecode.swift; path = MapView.swift; sourceTree = "<group>"; };
		7539744B2A7CC74100491DB6 /* landmarkData.json */ = {isa = PBXFileReference; fileEncoding = 4; lastKnownFileType = text.json; path = landmarkData.json; sourceTree = "<group>"; };
		7539744D2A7CC7A200491DB6 /* Landmark.swift */ = {isa = PBXFileReference; lastKnownFileType = sourcecode.swift; path = Landmark.swift; sourceTree = "<group>"; };
		7539744F2A7CCCF800491DB6 /* ModelData.swift */ = {isa = PBXFileReference; lastKnownFileType = sourcecode.swift; path = ModelData.swift; sourceTree = "<group>"; };
		753974542A7CD59800491DB6 /* LandmarkRow.swift */ = {isa = PBXFileReference; lastKnownFileType = sourcecode.swift; path = LandmarkRow.swift; sourceTree = "<group>"; };
		753974562A7CDE5500491DB6 /* LandmarkList.swift */ = {isa = PBXFileReference; lastKnownFileType = sourcecode.swift; path = LandmarkList.swift; sourceTree = "<group>"; };
		753974582A7CE05700491DB6 /* LandmarkDetail.swift */ = {isa = PBXFileReference; lastKnownFileType = sourcecode.swift; path = LandmarkDetail.swift; sourceTree = "<group>"; };
		753D7BE12A907C33007646F2 /* ComplicationController.swift */ = {isa = PBXFileReference; fileEncoding = 4; lastKnownFileType = sourcecode.swift; path = ComplicationController.swift; sourceTree = "<group>"; };
		753D7BE42A907FAB007646F2 /* Preview Assets.xcassets */ = {isa = PBXFileReference; lastKnownFileType = folder.assetcatalog; path = "Preview Assets.xcassets"; sourceTree = "<group>"; };
		753E62392A83892E00FA6504 /* FavoriteButton.swift */ = {isa = PBXFileReference; lastKnownFileType = sourcecode.swift; path = FavoriteButton.swift; sourceTree = "<group>"; };
		756E53E02A8A1E5F00109303 /* Badge.swift */ = {isa = PBXFileReference; lastKnownFileType = sourcecode.swift; path = Badge.swift; sourceTree = "<group>"; };
		756E53E42A8A20FD00109303 /* RotatedBadgeSymbol.swift */ = {isa = PBXFileReference; lastKnownFileType = sourcecode.swift; path = RotatedBadgeSymbol.swift; sourceTree = "<group>"; };
		7585871B2AA5F57300AC1D3A /* MacLandmarks.app */ = {isa = PBXFileReference; explicitFileType = wrapper.application; includeInIndex = 0; path = MacLandmarks.app; sourceTree = BUILT_PRODUCTS_DIR; };
		7585871F2AA5F57300AC1D3A /* ContentView.swift */ = {isa = PBXFileReference; lastKnownFileType = sourcecode.swift; path = ContentView.swift; sourceTree = "<group>"; };
		758587212AA5F57500AC1D3A /* Assets.xcassets */ = {isa = PBXFileReference; lastKnownFileType = folder.assetcatalog; path = Assets.xcassets; sourceTree = "<group>"; };
		758587242AA5F57500AC1D3A /* Preview Assets.xcassets */ = {isa = PBXFileReference; lastKnownFileType = folder.assetcatalog; path = "Preview Assets.xcassets"; sourceTree = "<group>"; };
		758587262AA5F57500AC1D3A /* MacLandmarks.entitlements */ = {isa = PBXFileReference; lastKnownFileType = text.plist.entitlements; path = MacLandmarks.entitlements; sourceTree = "<group>"; };
		75C4F85D2A83954700AB7DCE /* BadgeBackground.swift */ = {isa = PBXFileReference; lastKnownFileType = sourcecode.swift; path = BadgeBackground.swift; sourceTree = "<group>"; };
		75CCAA312A9070BE00969DB3 /* NotificationView.swift */ = {isa = PBXFileReference; lastKnownFileType = sourcecode.swift; path = NotificationView.swift; sourceTree = "<group>"; };
		75CCAA352A90749F00969DB3 /* PushNotificationPayload.apns */ = {isa = PBXFileReference; fileEncoding = 4; lastKnownFileType = text; path = PushNotificationPayload.apns; sourceTree = "<group>"; };
		75CCAA3B2A90751C00969DB3 /* WatchLandmarks (Notification).appex */ = {isa = PBXFileReference; explicitFileType = "wrapper.app-extension"; includeInIndex = 0; path = "WatchLandmarks (Notification).appex"; sourceTree = BUILT_PRODUCTS_DIR; };
		75CCAA3D2A90751C00969DB3 /* NotificationController.swift */ = {isa = PBXFileReference; lastKnownFileType = sourcecode.swift; path = NotificationController.swift; sourceTree = "<group>"; };
		75CCAA5B2A9077B400969DB3 /* Info.plist */ = {isa = PBXFileReference; fileEncoding = 4; lastKnownFileType = text.plist.xml; name = Info.plist; path = "../../../../../../Downloads/CreatingAwatchOSApp/Complete/WatchLandmarks Extension/Info.plist"; sourceTree = "<group>"; };
/* End PBXFileReference section */

/* Begin PBXFrameworksBuildPhase section */
		752B8FDE2A901AC100484F8D /* Frameworks */ = {
			isa = PBXFrameworksBuildPhase;
			buildActionMask = 2147483647;
			files = (
			);
			runOnlyForDeploymentPostprocessing = 0;
		};
		753974312A7C3C9E00491DB6 /* Frameworks */ = {
			isa = PBXFrameworksBuildPhase;
			buildActionMask = 2147483647;
			files = (
			);
			runOnlyForDeploymentPostprocessing = 0;
		};
		758587182AA5F57300AC1D3A /* Frameworks */ = {
			isa = PBXFrameworksBuildPhase;
			buildActionMask = 2147483647;
			files = (
			);
			runOnlyForDeploymentPostprocessing = 0;
		};
		75CCAA382A90751C00969DB3 /* Frameworks */ = {
			isa = PBXFrameworksBuildPhase;
			buildActionMask = 2147483647;
			files = (
			);
			runOnlyForDeploymentPostprocessing = 0;
		};
/* End PBXFrameworksBuildPhase section */

/* Begin PBXGroup section */
		7519CDA92A8A28740018C356 /* Hikes */ = {
			isa = PBXGroup;
			children = (
				7519CDAA2A8A28740018C356 /* GraphCapsule.swift */,
				7519CDAB2A8A28740018C356 /* HikeGraph.swift */,
				7519CDAC2A8A28740018C356 /* HikeDetail.swift */,
				7519CDAD2A8A28740018C356 /* HikeView.swift */,
				752F6BFB2A8EA0DF00E886C6 /* HikeBadge.swift */,
			);
			path = Hikes;
			sourceTree = "<group>";
		};
		752B8FE22A901AC100484F8D /* WatchLandmarks Watch App */ = {
			isa = PBXGroup;
			children = (
				752B8FE52A901AC100484F8D /* ContentView.swift */,
				752B8FFE2A901CAB00484F8D /* LandmarkDetail.swift */,
				752B8FE72A901AC100484F8D /* Assets.xcassets */,
			);
			path = "WatchLandmarks Watch App";
			sourceTree = "<group>";
		};
		752F6BED2A8A4EF800E886C6 /* Categories */ = {
			isa = PBXGroup;
			children = (
				752F6BEE2A8A4F0D00E886C6 /* CategoryHome.swift */,
				752F6BF02A8A52D700E886C6 /* CategoryRow.swift */,
				752F6BF22A8A54F200E886C6 /* CategoryItem.swift */,
			);
			path = Categories;
			sourceTree = "<group>";
		};
		752F6BF62A8E9F7D00E886C6 /* Profiles */ = {
			isa = PBXGroup;
			children = (
				752F6BF72A8E9F9200E886C6 /* ProfileHost.swift */,
				752F6BF92A8E9FD900E886C6 /* ProfileSummary.swift */,
				752F6BFD2A8F1C0700E886C6 /* ProfileEditor.swift */,
			);
			path = Profiles;
			sourceTree = "<group>";
		};
		752F6BFF2A8F2CD800E886C6 /* PageView */ = {
			isa = PBXGroup;
			children = (
				752F6C022A8F2D4A00E886C6 /* PageViewController.swift */,
				752F6C062A8F30CB00E886C6 /* PageView.swift */,
				752F6C082A8F377D00E886C6 /* PageControl.swift */,
				752F6C042A8F2EFB00E886C6 /* FeatureCard.swift */,
			);
			path = PageView;
			sourceTree = "<group>";
		};
		7539742B2A7C3C9E00491DB6 = {
			isa = PBXGroup;
			children = (
				753974362A7C3C9E00491DB6 /* Landmarks */,
				752B8FE22A901AC100484F8D /* WatchLandmarks Watch App */,
				75CCAA3C2A90751C00969DB3 /* WatchLandmarks (Notification) */,
				7585871C2AA5F57300AC1D3A /* MacLandmarks */,
				753974352A7C3C9E00491DB6 /* Products */,
			);
			sourceTree = "<group>";
		};
		753974352A7C3C9E00491DB6 /* Products */ = {
			isa = PBXGroup;
			children = (
				753974342A7C3C9E00491DB6 /* Landmarks.app */,
				752B8FE12A901AC100484F8D /* WatchLandmarks Watch App.app */,
				75CCAA3B2A90751C00969DB3 /* WatchLandmarks (Notification).appex */,
				7585871B2AA5F57300AC1D3A /* MacLandmarks.app */,
			);
			name = Products;
			sourceTree = "<group>";
		};
		753974362A7C3C9E00491DB6 /* Landmarks */ = {
			isa = PBXGroup;
			children = (
				753974512A7CD45800491DB6 /* Resources */,
				753974372A7C3C9E00491DB6 /* LandmarksApp.swift */,
				753974532A7CD4B800491DB6 /* Model */,
				7539743B2A7C3CA000491DB6 /* Assets.xcassets */,
				753974522A7CD47700491DB6 /* Views */,
				7539743D2A7C3CA000491DB6 /* Preview Content */,
			);
			path = Landmarks;
			sourceTree = "<group>";
		};
		7539743D2A7C3CA000491DB6 /* Preview Content */ = {
			isa = PBXGroup;
			children = (
				7539743E2A7C3CA000491DB6 /* Preview Assets.xcassets */,
			);
			path = "Preview Content";
			sourceTree = "<group>";
		};
		753974512A7CD45800491DB6 /* Resources */ = {
			isa = PBXGroup;
			children = (
				7519CDA52A8A276E0018C356 /* hikeData.json */,
				7539744B2A7CC74100491DB6 /* landmarkData.json */,
			);
			path = Resources;
			sourceTree = "<group>";
		};
		753974522A7CD47700491DB6 /* Views */ = {
			isa = PBXGroup;
			children = (
				752F6BFF2A8F2CD800E886C6 /* PageView */,
				752F6BF62A8E9F7D00E886C6 /* Profiles */,
				752F6BED2A8A4EF800E886C6 /* Categories */,
				7519CDA92A8A28740018C356 /* Hikes */,
				756E53E62A8A224D00109303 /* Badges */,
				753974392A7C3C9E00491DB6 /* ContentView.swift */,
				753E623B2A838A1500FA6504 /* Helper */,
				753E623C2A838A2200FA6504 /* Landmarks */,
			);
			path = Views;
			sourceTree = "<group>";
		};
		753974532A7CD4B800491DB6 /* Model */ = {
			isa = PBXGroup;
			children = (
				7519CDA72A8A27900018C356 /* Hike.swift */,
				7539744D2A7CC7A200491DB6 /* Landmark.swift */,
				7539744F2A7CCCF800491DB6 /* ModelData.swift */,
				752F6BF42A8E9E9F00E886C6 /* Profile.swift */,
			);
			path = Model;
			sourceTree = "<group>";
		};
		753D7BE32A907F9A007646F2 /* Preview Content */ = {
			isa = PBXGroup;
			children = (
				753D7BE42A907FAB007646F2 /* Preview Assets.xcassets */,
			);
			path = "Preview Content";
			sourceTree = "<group>";
		};
		753E623B2A838A1500FA6504 /* Helper */ = {
			isa = PBXGroup;
			children = (
				753974472A7CBABD00491DB6 /* CircleImage.swift */,
				753974492A7CBCAF00491DB6 /* MapView.swift */,
				753E62392A83892E00FA6504 /* FavoriteButton.swift */,
			);
			path = Helper;
			sourceTree = "<group>";
		};
		753E623C2A838A2200FA6504 /* Landmarks */ = {
			isa = PBXGroup;
			children = (
				753974542A7CD59800491DB6 /* LandmarkRow.swift */,
				753974562A7CDE5500491DB6 /* LandmarkList.swift */,
				753974582A7CE05700491DB6 /* LandmarkDetail.swift */,
			);
			path = Landmarks;
			sourceTree = "<group>";
		};
		756E53E62A8A224D00109303 /* Badges */ = {
			isa = PBXGroup;
			children = (
				756E53E42A8A20FD00109303 /* RotatedBadgeSymbol.swift */,
				756E53E02A8A1E5F00109303 /* Badge.swift */,
				75C4F85D2A83954700AB7DCE /* BadgeBackground.swift */,
				752C36C32A8A234500DA3ED6 /* HexagonParameters.swift */,
				7519CDA32A8A24290018C356 /* BadgeSymbol.swift */,
			);
			path = Badges;
			sourceTree = "<group>";
		};
		7585871C2AA5F57300AC1D3A /* MacLandmarks */ = {
			isa = PBXGroup;
			children = (
				7585871F2AA5F57300AC1D3A /* ContentView.swift */,
				758587212AA5F57500AC1D3A /* Assets.xcassets */,
				758587262AA5F57500AC1D3A /* MacLandmarks.entitlements */,
				758587232AA5F57500AC1D3A /* Preview Content */,
			);
			path = MacLandmarks;
			sourceTree = "<group>";
		};
		758587232AA5F57500AC1D3A /* Preview Content */ = {
			isa = PBXGroup;
			children = (
				758587242AA5F57500AC1D3A /* Preview Assets.xcassets */,
			);
			path = "Preview Content";
			sourceTree = "<group>";
		};
		75CCAA3C2A90751C00969DB3 /* WatchLandmarks (Notification) */ = {
			isa = PBXGroup;
			children = (
				753D7BE32A907F9A007646F2 /* Preview Content */,
				75CCAA352A90749F00969DB3 /* PushNotificationPayload.apns */,
				75CCAA312A9070BE00969DB3 /* NotificationView.swift */,
				75CCAA3D2A90751C00969DB3 /* NotificationController.swift */,
				753D7BE12A907C33007646F2 /* ComplicationController.swift */,
				75CCAA5B2A9077B400969DB3 /* Info.plist */,
			);
			path = "WatchLandmarks (Notification)";
			sourceTree = "<group>";
		};
/* End PBXGroup section */

/* Begin PBXNativeTarget section */
		752B8FE02A901AC100484F8D /* WatchLandmarks Watch App */ = {
			isa = PBXNativeTarget;
			buildConfigurationList = 752B8FEF2A901AC100484F8D /* Build configuration list for PBXNativeTarget "WatchLandmarks Watch App" */;
			buildPhases = (
				752B8FDD2A901AC100484F8D /* Sources */,
				752B8FDE2A901AC100484F8D /* Frameworks */,
				752B8FDF2A901AC100484F8D /* Resources */,
			);
			buildRules = (
			);
			dependencies = (
			);
			name = "WatchLandmarks Watch App";
			productName = "WatchLandmarks Watch App";
			productReference = 752B8FE12A901AC100484F8D /* WatchLandmarks Watch App.app */;
			productType = "com.apple.product-type.application";
		};
		753974332A7C3C9E00491DB6 /* Landmarks */ = {
			isa = PBXNativeTarget;
			buildConfigurationList = 753974422A7C3CA000491DB6 /* Build configuration list for PBXNativeTarget "Landmarks" */;
			buildPhases = (
				753974302A7C3C9E00491DB6 /* Sources */,
				753974312A7C3C9E00491DB6 /* Frameworks */,
				753974322A7C3C9E00491DB6 /* Resources */,
				752F6C1F2A900B5400E886C6 /* Embed Watch Content */,
			);
			buildRules = (
			);
			dependencies = (
				752B8FED2A901AC100484F8D /* PBXTargetDependency */,
			);
			name = Landmarks;
			productName = Landmarks;
			productReference = 753974342A7C3C9E00491DB6 /* Landmarks.app */;
			productType = "com.apple.product-type.application";
		};
		7585871A2AA5F57300AC1D3A /* MacLandmarks */ = {
			isa = PBXNativeTarget;
			buildConfigurationList = 758587292AA5F57500AC1D3A /* Build configuration list for PBXNativeTarget "MacLandmarks" */;
			buildPhases = (
				758587172AA5F57300AC1D3A /* Sources */,
				758587182AA5F57300AC1D3A /* Frameworks */,
				758587192AA5F57300AC1D3A /* Resources */,
			);
			buildRules = (
			);
			dependencies = (
			);
			name = MacLandmarks;
			productName = MacLandmarks;
			productReference = 7585871B2AA5F57300AC1D3A /* MacLandmarks.app */;
			productType = "com.apple.product-type.application";
		};
		75CCAA3A2A90751C00969DB3 /* WatchLandmarks (Notification) */ = {
			isa = PBXNativeTarget;
			buildConfigurationList = 75CCAA432A90751C00969DB3 /* Build configuration list for PBXNativeTarget "WatchLandmarks (Notification)" */;
			buildPhases = (
				75CCAA372A90751C00969DB3 /* Sources */,
				75CCAA382A90751C00969DB3 /* Frameworks */,
				75CCAA392A90751C00969DB3 /* Resources */,
			);
			buildRules = (
			);
			dependencies = (
			);
			name = "WatchLandmarks (Notification)";
			productName = "WatchLandmarks (Notification)";
			productReference = 75CCAA3B2A90751C00969DB3 /* WatchLandmarks (Notification).appex */;
			productType = "com.apple.product-type.app-extension";
		};
/* End PBXNativeTarget section */

/* Begin PBXProject section */
		7539742C2A7C3C9E00491DB6 /* Project object */ = {
			isa = PBXProject;
			attributes = {
				BuildIndependentTargetsInParallel = 1;
				LastSwiftUpdateCheck = 1430;
				LastUpgradeCheck = 1430;
				TargetAttributes = {
					752B8FE02A901AC100484F8D = {
						CreatedOnToolsVersion = 14.3.1;
					};
					753974332A7C3C9E00491DB6 = {
						CreatedOnToolsVersion = 14.3.1;
					};
					7585871A2AA5F57300AC1D3A = {
						CreatedOnToolsVersion = 14.3.1;
					};
					75CCAA3A2A90751C00969DB3 = {
						CreatedOnToolsVersion = 14.3.1;
					};
				};
			};
			buildConfigurationList = 7539742F2A7C3C9E00491DB6 /* Build configuration list for PBXProject "Landmarks" */;
			compatibilityVersion = "Xcode 14.0";
			developmentRegion = en;
			hasScannedForEncodings = 0;
			knownRegions = (
				en,
				Base,
			);
			mainGroup = 7539742B2A7C3C9E00491DB6;
			productRefGroup = 753974352A7C3C9E00491DB6 /* Products */;
			projectDirPath = "";
			projectRoot = "";
			targets = (
				753974332A7C3C9E00491DB6 /* Landmarks */,
				752B8FE02A901AC100484F8D /* WatchLandmarks Watch App */,
				75CCAA3A2A90751C00969DB3 /* WatchLandmarks (Notification) */,
				7585871A2AA5F57300AC1D3A /* MacLandmarks */,
			);
		};
/* End PBXProject section */

/* Begin PBXResourcesBuildPhase section */
		752B8FDF2A901AC100484F8D /* Resources */ = {
			isa = PBXResourcesBuildPhase;
			buildActionMask = 2147483647;
			files = (
				752B8FF32A901C6600484F8D /* landmarkData.json in Resources */,
				752B8FF22A901C6600484F8D /* hikeData.json in Resources */,
				752B8FE82A901AC100484F8D /* Assets.xcassets in Resources */,
				752B8FF52A901C6600484F8D /* Assets.xcassets in Resources */,
				75F373582A90839500CB1AE0 /* Preview Assets.xcassets in Resources */,
				75CCAA362A90749F00969DB3 /* PushNotificationPayload.apns in Resources */,
			);
			runOnlyForDeploymentPostprocessing = 0;
		};
		753974322A7C3C9E00491DB6 /* Resources */ = {
			isa = PBXResourcesBuildPhase;
			buildActionMask = 2147483647;
			files = (
				7519CDA62A8A276E0018C356 /* hikeData.json in Resources */,
				7539743F2A7C3CA000491DB6 /* Preview Assets.xcassets in Resources */,
				7539743C2A7C3CA000491DB6 /* Assets.xcassets in Resources */,
				7539744C2A7CC74100491DB6 /* landmarkData.json in Resources */,
			);
			runOnlyForDeploymentPostprocessing = 0;
		};
		758587192AA5F57300AC1D3A /* Resources */ = {
			isa = PBXResourcesBuildPhase;
			buildActionMask = 2147483647;
			files = (
				758587252AA5F57500AC1D3A /* Preview Assets.xcassets in Resources */,
				7585872E2AA5F7E100AC1D3A /* landmarkData.json in Resources */,
				7585872D2AA5F7E100AC1D3A /* hikeData.json in Resources */,
				758587222AA5F57500AC1D3A /* Assets.xcassets in Resources */,
				758587312AA5F7E100AC1D3A /* Assets.xcassets in Resources */,
			);
			runOnlyForDeploymentPostprocessing = 0;
		};
		75CCAA392A90751C00969DB3 /* Resources */ = {
			isa = PBXResourcesBuildPhase;
			buildActionMask = 2147483647;
			files = (
				753D7BE52A907FAB007646F2 /* Preview Assets.xcassets in Resources */,
				75CCAA4D2A9075FB00969DB3 /* Assets.xcassets in Resources */,
				75CCAA4F2A9075FB00969DB3 /* hikeData.json in Resources */,
				75CCAA4A2A9075FB00969DB3 /* landmarkData.json in Resources */,
				75F3735B2A90839600CB1AE0 /* PushNotificationPayload.apns in Resources */,
			);
			runOnlyForDeploymentPostprocessing = 0;
		};
/* End PBXResourcesBuildPhase section */

/* Begin PBXSourcesBuildPhase section */
		752B8FDD2A901AC100484F8D /* Sources */ = {
			isa = PBXSourcesBuildPhase;
			buildActionMask = 2147483647;
			files = (
				752B8FE62A901AC100484F8D /* ContentView.swift in Sources */,
				752B8FF92A901C6600484F8D /* Profile.swift in Sources */,
				752B8FF42A901C6600484F8D /* LandmarksApp.swift in Sources */,
				75F373592A90839500CB1AE0 /* NotificationView.swift in Sources */,
				752B8FFA2A901C6600484F8D /* Hike.swift in Sources */,
				752B8FF62A901C6600484F8D /* ModelData.swift in Sources */,
				752B8FF72A901C6600484F8D /* LandmarkList.swift in Sources */,
				75F373572A90833C00CB1AE0 /* NotificationController.swift in Sources */,
				752B8FFB2A901C6600484F8D /* LandmarkRow.swift in Sources */,
				752B8FFC2A901C6600484F8D /* MapView.swift in Sources */,
				752B8FF82A901C6600484F8D /* Landmark.swift in Sources */,
				75F3735A2A90839500CB1AE0 /* ComplicationController.swift in Sources */,
				752B8FFD2A901C6600484F8D /* CircleImage.swift in Sources */,
				752B8FFF2A901CAB00484F8D /* LandmarkDetail.swift in Sources */,
			);
			runOnlyForDeploymentPostprocessing = 0;
		};
		753974302A7C3C9E00491DB6 /* Sources */ = {
			isa = PBXSourcesBuildPhase;
			buildActionMask = 2147483647;
			files = (
				752F6BF12A8A52D700E886C6 /* CategoryRow.swift in Sources */,
				752F6C052A8F2EFB00E886C6 /* FeatureCard.swift in Sources */,
				752F6BF52A8E9E9F00E886C6 /* Profile.swift in Sources */,
				752C36C42A8A234500DA3ED6 /* HexagonParameters.swift in Sources */,
				752F6BEF2A8A4F0D00E886C6 /* CategoryHome.swift in Sources */,
				7519CDAF2A8A28740018C356 /* HikeGraph.swift in Sources */,
				7539743A2A7C3C9E00491DB6 /* ContentView.swift in Sources */,
				7539744A2A7CBCAF00491DB6 /* MapView.swift in Sources */,
				7519CDAE2A8A28740018C356 /* GraphCapsule.swift in Sources */,
				753974382A7C3C9E00491DB6 /* LandmarksApp.swift in Sources */,
				752F6C092A8F377D00E886C6 /* PageControl.swift in Sources */,
				753E623A2A83892E00FA6504 /* FavoriteButton.swift in Sources */,
				752F6BF32A8A54F200E886C6 /* CategoryItem.swift in Sources */,
				7519CDB02A8A28740018C356 /* HikeDetail.swift in Sources */,
				752F6BFA2A8E9FD900E886C6 /* ProfileSummary.swift in Sources */,
				753974572A7CDE5500491DB6 /* LandmarkList.swift in Sources */,
				752F6BF82A8E9F9200E886C6 /* ProfileHost.swift in Sources */,
				7519CDA82A8A27900018C356 /* Hike.swift in Sources */,
				753974592A7CE05700491DB6 /* LandmarkDetail.swift in Sources */,
				752F6C072A8F30CB00E886C6 /* PageView.swift in Sources */,
				756E53E52A8A20FD00109303 /* RotatedBadgeSymbol.swift in Sources */,
				752F6BFE2A8F1C0700E886C6 /* ProfileEditor.swift in Sources */,
				7519CDA42A8A24290018C356 /* BadgeSymbol.swift in Sources */,
				7519CDB12A8A28740018C356 /* HikeView.swift in Sources */,
				75C4F85E2A83954700AB7DCE /* BadgeBackground.swift in Sources */,
				752F6C032A8F2D4A00E886C6 /* PageViewController.swift in Sources */,
				753974482A7CBABD00491DB6 /* CircleImage.swift in Sources */,
				752F6BFC2A8EA0DF00E886C6 /* HikeBadge.swift in Sources */,
				7539744E2A7CC7A200491DB6 /* Landmark.swift in Sources */,
				753974552A7CD59800491DB6 /* LandmarkRow.swift in Sources */,
				756E53E12A8A1E5F00109303 /* Badge.swift in Sources */,
				753974502A7CCCF800491DB6 /* ModelData.swift in Sources */,
			);
			runOnlyForDeploymentPostprocessing = 0;
		};
		758587172AA5F57300AC1D3A /* Sources */ = {
			isa = PBXSourcesBuildPhase;
			buildActionMask = 2147483647;
			files = (
				758587202AA5F57300AC1D3A /* ContentView.swift in Sources */,
				758587302AA5F7E100AC1D3A /* LandmarksApp.swift in Sources */,
				7585872B2AA5F7E100AC1D3A /* LandmarkList.swift in Sources */,
				7585872F2AA5F7E100AC1D3A /* MapView.swift in Sources */,
				7585872A2AA5F7E100AC1D3A /* CircleImage.swift in Sources */,
				758587332AA5F8AE00AC1D3A /* ModelData.swift in Sources */,
				7585872C2AA5F7E100AC1D3A /* FavoriteButton.swift in Sources */,
				758587322AA5F7E100AC1D3A /* LandmarkDetail.swift in Sources */,
			);
			runOnlyForDeploymentPostprocessing = 0;
		};
		75CCAA372A90751C00969DB3 /* Sources */ = {
			isa = PBXSourcesBuildPhase;
			buildActionMask = 2147483647;
			files = (
				75CCAA4C2A9075FB00969DB3 /* Hike.swift in Sources */,
				75CCAA542A9075FB00969DB3 /* MapView.swift in Sources */,
				75CCAA532A9075FB00969DB3 /* Landmark.swift in Sources */,
				75CCAA4B2A9075FB00969DB3 /* Profile.swift in Sources */,
				75CCAA502A9075FB00969DB3 /* LandmarksApp.swift in Sources */,
				75CCAA562A9076EB00969DB3 /* LandmarkDetail.swift in Sources */,
				75CCAA512A9075FB00969DB3 /* LandmarkList.swift in Sources */,
				75CCAA4E2A9075FB00969DB3 /* CircleImage.swift in Sources */,
				75CCAA3E2A90751C00969DB3 /* NotificationController.swift in Sources */,
				75CCAA522A9075FB00969DB3 /* ModelData.swift in Sources */,
				75CCAA552A9076EB00969DB3 /* ContentView.swift in Sources */,
				753D7BE22A907C33007646F2 /* ComplicationController.swift in Sources */,
				75CCAA492A9075FB00969DB3 /* LandmarkRow.swift in Sources */,
				75CCAA482A90754300969DB3 /* NotificationView.swift in Sources */,
			);
			runOnlyForDeploymentPostprocessing = 0;
		};
/* End PBXSourcesBuildPhase section */

/* Begin PBXTargetDependency section */
		752B8FED2A901AC100484F8D /* PBXTargetDependency */ = {
			isa = PBXTargetDependency;
			target = 752B8FE02A901AC100484F8D /* WatchLandmarks Watch App */;
			targetProxy = 752B8FEC2A901AC100484F8D /* PBXContainerItemProxy */;
		};
/* End PBXTargetDependency section */

/* Begin XCBuildConfiguration section */
		752B8FF02A901AC100484F8D /* Debug */ = {
			isa = XCBuildConfiguration;
			buildSettings = {
				ASSETCATALOG_COMPILER_APPICON_NAME = AppIcon;
				ASSETCATALOG_COMPILER_GLOBAL_ACCENT_COLOR_NAME = AccentColor;
				CODE_SIGN_IDENTITY = "Apple Development";
				CODE_SIGN_STYLE = Automatic;
				CURRENT_PROJECT_VERSION = 1;
				DEVELOPMENT_ASSET_PATHS = "\"WatchLandmarks Watch App/Assets.xcassets\"";
				DEVELOPMENT_TEAM = H27JM57C3W;
				ENABLE_PREVIEWS = YES;
				GENERATE_INFOPLIST_FILE = YES;
				INFOPLIST_KEY_CFBundleDisplayName = WatchLandmarks;
				INFOPLIST_KEY_UISupportedInterfaceOrientations = "UIInterfaceOrientationPortrait UIInterfaceOrientationPortraitUpsideDown";
				INFOPLIST_KEY_WKCompanionAppBundleIdentifier = ritalindeveloper.Landmarks;
				INFOPLIST_KEY_WKRunsIndependentlyOfCompanionApp = YES;
				LD_RUNPATH_SEARCH_PATHS = (
					"$(inherited)",
					"@executable_path/Frameworks",
				);
				MARKETING_VERSION = 1.0;
				PRODUCT_BUNDLE_IDENTIFIER = ritalindeveloper.Landmarks.watchkitapp;
				PRODUCT_NAME = "$(TARGET_NAME)";
				PROVISIONING_PROFILE_SPECIFIER = "";
				SDKROOT = watchos;
				SKIP_INSTALL = YES;
				SWIFT_EMIT_LOC_STRINGS = YES;
				SWIFT_VERSION = 5.0;
				TARGETED_DEVICE_FAMILY = 4;
				WATCHOS_DEPLOYMENT_TARGET = 8.0;
			};
			name = Debug;
		};
		752B8FF12A901AC100484F8D /* Release */ = {
			isa = XCBuildConfiguration;
			buildSettings = {
				ASSETCATALOG_COMPILER_APPICON_NAME = AppIcon;
				ASSETCATALOG_COMPILER_GLOBAL_ACCENT_COLOR_NAME = AccentColor;
				CODE_SIGN_IDENTITY = "Apple Development";
				CODE_SIGN_STYLE = Automatic;
				CURRENT_PROJECT_VERSION = 1;
				DEVELOPMENT_ASSET_PATHS = "\"WatchLandmarks Watch App/Assets.xcassets\"";
				DEVELOPMENT_TEAM = H27JM57C3W;
				ENABLE_PREVIEWS = YES;
				GENERATE_INFOPLIST_FILE = YES;
				INFOPLIST_KEY_CFBundleDisplayName = WatchLandmarks;
				INFOPLIST_KEY_UISupportedInterfaceOrientations = "UIInterfaceOrientationPortrait UIInterfaceOrientationPortraitUpsideDown";
				INFOPLIST_KEY_WKCompanionAppBundleIdentifier = ritalindeveloper.Landmarks;
				INFOPLIST_KEY_WKRunsIndependentlyOfCompanionApp = YES;
				LD_RUNPATH_SEARCH_PATHS = (
					"$(inherited)",
					"@executable_path/Frameworks",
				);
				MARKETING_VERSION = 1.0;
				PRODUCT_BUNDLE_IDENTIFIER = ritalindeveloper.Landmarks.watchkitapp;
				PRODUCT_NAME = "$(TARGET_NAME)";
				PROVISIONING_PROFILE_SPECIFIER = "";
				SDKROOT = watchos;
				SKIP_INSTALL = YES;
				SWIFT_EMIT_LOC_STRINGS = YES;
				SWIFT_VERSION = 5.0;
				TARGETED_DEVICE_FAMILY = 4;
				WATCHOS_DEPLOYMENT_TARGET = 8.0;
			};
			name = Release;
		};
		753974402A7C3CA000491DB6 /* Debug */ = {
			isa = XCBuildConfiguration;
			buildSettings = {
				ALWAYS_SEARCH_USER_PATHS = NO;
				CLANG_ANALYZER_NONNULL = YES;
				CLANG_ANALYZER_NUMBER_OBJECT_CONVERSION = YES_AGGRESSIVE;
				CLANG_CXX_LANGUAGE_STANDARD = "gnu++20";
				CLANG_ENABLE_MODULES = YES;
				CLANG_ENABLE_OBJC_ARC = YES;
				CLANG_ENABLE_OBJC_WEAK = YES;
				CLANG_WARN_BLOCK_CAPTURE_AUTORELEASING = YES;
				CLANG_WARN_BOOL_CONVERSION = YES;
				CLANG_WARN_COMMA = YES;
				CLANG_WARN_CONSTANT_CONVERSION = YES;
				CLANG_WARN_DEPRECATED_OBJC_IMPLEMENTATIONS = YES;
				CLANG_WARN_DIRECT_OBJC_ISA_USAGE = YES_ERROR;
				CLANG_WARN_DOCUMENTATION_COMMENTS = YES;
				CLANG_WARN_EMPTY_BODY = YES;
				CLANG_WARN_ENUM_CONVERSION = YES;
				CLANG_WARN_INFINITE_RECURSION = YES;
				CLANG_WARN_INT_CONVERSION = YES;
				CLANG_WARN_NON_LITERAL_NULL_CONVERSION = YES;
				CLANG_WARN_OBJC_IMPLICIT_RETAIN_SELF = YES;
				CLANG_WARN_OBJC_LITERAL_CONVERSION = YES;
				CLANG_WARN_OBJC_ROOT_CLASS = YES_ERROR;
				CLANG_WARN_QUOTED_INCLUDE_IN_FRAMEWORK_HEADER = YES;
				CLANG_WARN_RANGE_LOOP_ANALYSIS = YES;
				CLANG_WARN_STRICT_PROTOTYPES = YES;
				CLANG_WARN_SUSPICIOUS_MOVE = YES;
				CLANG_WARN_UNGUARDED_AVAILABILITY = YES_AGGRESSIVE;
				CLANG_WARN_UNREACHABLE_CODE = YES;
				CLANG_WARN__DUPLICATE_METHOD_MATCH = YES;
				COPY_PHASE_STRIP = NO;
				DEBUG_INFORMATION_FORMAT = dwarf;
				ENABLE_STRICT_OBJC_MSGSEND = YES;
				ENABLE_TESTABILITY = YES;
				GCC_C_LANGUAGE_STANDARD = gnu11;
				GCC_DYNAMIC_NO_PIC = NO;
				GCC_NO_COMMON_BLOCKS = YES;
				GCC_OPTIMIZATION_LEVEL = 0;
				GCC_PREPROCESSOR_DEFINITIONS = (
					"DEBUG=1",
					"$(inherited)",
				);
				GCC_WARN_64_TO_32_BIT_CONVERSION = YES;
				GCC_WARN_ABOUT_RETURN_TYPE = YES_ERROR;
				GCC_WARN_UNDECLARED_SELECTOR = YES;
				GCC_WARN_UNINITIALIZED_AUTOS = YES_AGGRESSIVE;
				GCC_WARN_UNUSED_FUNCTION = YES;
				GCC_WARN_UNUSED_VARIABLE = YES;
				IPHONEOS_DEPLOYMENT_TARGET = 16.4;
				MTL_ENABLE_DEBUG_INFO = INCLUDE_SOURCE;
				MTL_FAST_MATH = YES;
				ONLY_ACTIVE_ARCH = YES;
				SDKROOT = iphoneos;
				SWIFT_ACTIVE_COMPILATION_CONDITIONS = DEBUG;
				SWIFT_OPTIMIZATION_LEVEL = "-Onone";
				WATCHOS_DEPLOYMENT_TARGET = 8.0;
			};
			name = Debug;
		};
		753974412A7C3CA000491DB6 /* Release */ = {
			isa = XCBuildConfiguration;
			buildSettings = {
				ALWAYS_SEARCH_USER_PATHS = NO;
				CLANG_ANALYZER_NONNULL = YES;
				CLANG_ANALYZER_NUMBER_OBJECT_CONVERSION = YES_AGGRESSIVE;
				CLANG_CXX_LANGUAGE_STANDARD = "gnu++20";
				CLANG_ENABLE_MODULES = YES;
				CLANG_ENABLE_OBJC_ARC = YES;
				CLANG_ENABLE_OBJC_WEAK = YES;
				CLANG_WARN_BLOCK_CAPTURE_AUTORELEASING = YES;
				CLANG_WARN_BOOL_CONVERSION = YES;
				CLANG_WARN_COMMA = YES;
				CLANG_WARN_CONSTANT_CONVERSION = YES;
				CLANG_WARN_DEPRECATED_OBJC_IMPLEMENTATIONS = YES;
				CLANG_WARN_DIRECT_OBJC_ISA_USAGE = YES_ERROR;
				CLANG_WARN_DOCUMENTATION_COMMENTS = YES;
				CLANG_WARN_EMPTY_BODY = YES;
				CLANG_WARN_ENUM_CONVERSION = YES;
				CLANG_WARN_INFINITE_RECURSION = YES;
				CLANG_WARN_INT_CONVERSION = YES;
				CLANG_WARN_NON_LITERAL_NULL_CONVERSION = YES;
				CLANG_WARN_OBJC_IMPLICIT_RETAIN_SELF = YES;
				CLANG_WARN_OBJC_LITERAL_CONVERSION = YES;
				CLANG_WARN_OBJC_ROOT_CLASS = YES_ERROR;
				CLANG_WARN_QUOTED_INCLUDE_IN_FRAMEWORK_HEADER = YES;
				CLANG_WARN_RANGE_LOOP_ANALYSIS = YES;
				CLANG_WARN_STRICT_PROTOTYPES = YES;
				CLANG_WARN_SUSPICIOUS_MOVE = YES;
				CLANG_WARN_UNGUARDED_AVAILABILITY = YES_AGGRESSIVE;
				CLANG_WARN_UNREACHABLE_CODE = YES;
				CLANG_WARN__DUPLICATE_METHOD_MATCH = YES;
				COPY_PHASE_STRIP = NO;
				DEBUG_INFORMATION_FORMAT = "dwarf-with-dsym";
				ENABLE_NS_ASSERTIONS = NO;
				ENABLE_STRICT_OBJC_MSGSEND = YES;
				GCC_C_LANGUAGE_STANDARD = gnu11;
				GCC_NO_COMMON_BLOCKS = YES;
				GCC_WARN_64_TO_32_BIT_CONVERSION = YES;
				GCC_WARN_ABOUT_RETURN_TYPE = YES_ERROR;
				GCC_WARN_UNDECLARED_SELECTOR = YES;
				GCC_WARN_UNINITIALIZED_AUTOS = YES_AGGRESSIVE;
				GCC_WARN_UNUSED_FUNCTION = YES;
				GCC_WARN_UNUSED_VARIABLE = YES;
				IPHONEOS_DEPLOYMENT_TARGET = 16.4;
				MTL_ENABLE_DEBUG_INFO = NO;
				MTL_FAST_MATH = YES;
				SDKROOT = iphoneos;
				SWIFT_COMPILATION_MODE = wholemodule;
				SWIFT_OPTIMIZATION_LEVEL = "-O";
				VALIDATE_PRODUCT = YES;
				WATCHOS_DEPLOYMENT_TARGET = 8.0;
			};
			name = Release;
		};
		753974432A7C3CA000491DB6 /* Debug */ = {
			isa = XCBuildConfiguration;
			buildSettings = {
				ALWAYS_EMBED_SWIFT_STANDARD_LIBRARIES = YES;
				ASSETCATALOG_COMPILER_APPICON_NAME = AppIcon;
				ASSETCATALOG_COMPILER_GLOBAL_ACCENT_COLOR_NAME = AccentColor;
				CODE_SIGN_STYLE = Automatic;
				CURRENT_PROJECT_VERSION = 1;
				DEVELOPMENT_ASSET_PATHS = "\"Landmarks/Preview Content\"";
				DEVELOPMENT_TEAM = H27JM57C3W;
				ENABLE_PREVIEWS = YES;
				GENERATE_INFOPLIST_FILE = YES;
				INFOPLIST_KEY_CFBundleDisplayName = Landmarks;
				INFOPLIST_KEY_LSApplicationCategoryType = "public.app-category.travel";
				INFOPLIST_KEY_UIApplicationSceneManifest_Generation = YES;
				INFOPLIST_KEY_UIApplicationSupportsIndirectInputEvents = YES;
				INFOPLIST_KEY_UILaunchScreen_Generation = YES;
				INFOPLIST_KEY_UISupportedInterfaceOrientations_iPad = "UIInterfaceOrientationPortrait UIInterfaceOrientationPortraitUpsideDown UIInterfaceOrientationLandscapeLeft UIInterfaceOrientationLandscapeRight";
				INFOPLIST_KEY_UISupportedInterfaceOrientations_iPhone = "UIInterfaceOrientationPortrait UIInterfaceOrientationLandscapeLeft UIInterfaceOrientationLandscapeRight";
				IPHONEOS_DEPLOYMENT_TARGET = 16.4;
				LD_RUNPATH_SEARCH_PATHS = (
					"$(inherited)",
					"@executable_path/Frameworks",
				);
				MARKETING_VERSION = 1.0;
				PRODUCT_BUNDLE_IDENTIFIER = ritalindeveloper.Landmarks;
				PRODUCT_NAME = "$(TARGET_NAME)";
				SWIFT_EMIT_LOC_STRINGS = YES;
				SWIFT_VERSION = 5.0;
				TARGETED_DEVICE_FAMILY = "1,2";
			};
			name = Debug;
		};
		753974442A7C3CA000491DB6 /* Release */ = {
			isa = XCBuildConfiguration;
			buildSettings = {
				ALWAYS_EMBED_SWIFT_STANDARD_LIBRARIES = YES;
				ASSETCATALOG_COMPILER_APPICON_NAME = AppIcon;
				ASSETCATALOG_COMPILER_GLOBAL_ACCENT_COLOR_NAME = AccentColor;
				CODE_SIGN_STYLE = Automatic;
				CURRENT_PROJECT_VERSION = 1;
				DEVELOPMENT_ASSET_PATHS = "\"Landmarks/Preview Content\"";
				DEVELOPMENT_TEAM = H27JM57C3W;
				ENABLE_PREVIEWS = YES;
				GENERATE_INFOPLIST_FILE = YES;
				INFOPLIST_KEY_CFBundleDisplayName = Landmarks;
				INFOPLIST_KEY_LSApplicationCategoryType = "public.app-category.travel";
				INFOPLIST_KEY_UIApplicationSceneManifest_Generation = YES;
				INFOPLIST_KEY_UIApplicationSupportsIndirectInputEvents = YES;
				INFOPLIST_KEY_UILaunchScreen_Generation = YES;
				INFOPLIST_KEY_UISupportedInterfaceOrientations_iPad = "UIInterfaceOrientationPortrait UIInterfaceOrientationPortraitUpsideDown UIInterfaceOrientationLandscapeLeft UIInterfaceOrientationLandscapeRight";
				INFOPLIST_KEY_UISupportedInterfaceOrientations_iPhone = "UIInterfaceOrientationPortrait UIInterfaceOrientationLandscapeLeft UIInterfaceOrientationLandscapeRight";
				IPHONEOS_DEPLOYMENT_TARGET = 16.4;
				LD_RUNPATH_SEARCH_PATHS = (
					"$(inherited)",
					"@executable_path/Frameworks",
				);
				MARKETING_VERSION = 1.0;
				PRODUCT_BUNDLE_IDENTIFIER = ritalindeveloper.Landmarks;
				PRODUCT_NAME = "$(TARGET_NAME)";
				SWIFT_EMIT_LOC_STRINGS = YES;
				SWIFT_VERSION = 5.0;
				TARGETED_DEVICE_FAMILY = "1,2";
			};
			name = Release;
		};
		758587272AA5F57500AC1D3A /* Debug */ = {
			isa = XCBuildConfiguration;
			buildSettings = {
				ASSETCATALOG_COMPILER_APPICON_NAME = AppIcon;
				ASSETCATALOG_COMPILER_GLOBAL_ACCENT_COLOR_NAME = AccentColor;
				CODE_SIGN_ENTITLEMENTS = MacLandmarks/MacLandmarks.entitlements;
				CODE_SIGN_STYLE = Automatic;
				COMBINE_HIDPI_IMAGES = YES;
				CURRENT_PROJECT_VERSION = 1;
				DEVELOPMENT_ASSET_PATHS = "\"MacLandmarks/Preview Content\"";
				DEVELOPMENT_TEAM = H27JM57C3W;
				ENABLE_HARDENED_RUNTIME = YES;
				ENABLE_PREVIEWS = YES;
				GENERATE_INFOPLIST_FILE = YES;
				INFOPLIST_KEY_NSHumanReadableCopyright = "";
				LD_RUNPATH_SEARCH_PATHS = (
					"$(inherited)",
					"@executable_path/../Frameworks",
				);
				MACOSX_DEPLOYMENT_TARGET = 13.3;
				MARKETING_VERSION = 1.0;
				PRODUCT_BUNDLE_IDENTIFIER = ritalindeveloper.MacLandmarks;
				PRODUCT_NAME = "$(TARGET_NAME)";
				SDKROOT = macosx;
				SWIFT_EMIT_LOC_STRINGS = YES;
				SWIFT_VERSION = 5.0;
			};
			name = Debug;
		};
		758587282AA5F57500AC1D3A /* Release */ = {
			isa = XCBuildConfiguration;
			buildSettings = {
				ASSETCATALOG_COMPILER_APPICON_NAME = AppIcon;
				ASSETCATALOG_COMPILER_GLOBAL_ACCENT_COLOR_NAME = AccentColor;
				CODE_SIGN_ENTITLEMENTS = MacLandmarks/MacLandmarks.entitlements;
				CODE_SIGN_STYLE = Automatic;
				COMBINE_HIDPI_IMAGES = YES;
				CURRENT_PROJECT_VERSION = 1;
				DEVELOPMENT_ASSET_PATHS = "\"MacLandmarks/Preview Content\"";
				DEVELOPMENT_TEAM = H27JM57C3W;
				ENABLE_HARDENED_RUNTIME = YES;
				ENABLE_PREVIEWS = YES;
				GENERATE_INFOPLIST_FILE = YES;
				INFOPLIST_KEY_NSHumanReadableCopyright = "";
				LD_RUNPATH_SEARCH_PATHS = (
					"$(inherited)",
					"@executable_path/../Frameworks",
				);
				MACOSX_DEPLOYMENT_TARGET = 13.3;
				MARKETING_VERSION = 1.0;
				PRODUCT_BUNDLE_IDENTIFIER = ritalindeveloper.MacLandmarks;
				PRODUCT_NAME = "$(TARGET_NAME)";
				SDKROOT = macosx;
				SWIFT_EMIT_LOC_STRINGS = YES;
				SWIFT_VERSION = 5.0;
			};
			name = Release;
		};
		75CCAA442A90751C00969DB3 /* Debug */ = {
			isa = XCBuildConfiguration;
			buildSettings = {
				CODE_SIGN_IDENTITY = "Apple Development";
				CODE_SIGN_STYLE = Automatic;
				CURRENT_PROJECT_VERSION = 1;
				DEVELOPMENT_ASSET_PATHS = "WatchLandmarks\\ (Notification)/Preview\\ Content/Preview\\ Assets.xcassets";
				DEVELOPMENT_TEAM = H27JM57C3W;
				GENERATE_INFOPLIST_FILE = YES;
				INFOPLIST_FILE = "WatchLandmarks (Notification)/Info.plist";
				INFOPLIST_KEY_CFBundleDisplayName = "WatchLandmarks (Notification)";
				INFOPLIST_KEY_NSHumanReadableCopyright = "";
				INFOPLIST_KEY_WKRunsIndependentlyOfCompanionApp = YES;
				LD_RUNPATH_SEARCH_PATHS = (
					"$(inherited)",
					"@executable_path/Frameworks",
					"@executable_path/../../Frameworks",
					"@executable_path/../../../../Frameworks",
				);
				MARKETING_VERSION = 1.0;
				PRODUCT_BUNDLE_IDENTIFIER = "ritalindeveloper.Landmarks.watchkitapp.WatchLandmarks--Notification-";
				PRODUCT_NAME = "$(TARGET_NAME)";
				PROVISIONING_PROFILE_SPECIFIER = "";
				SDKROOT = watchos;
				SKIP_INSTALL = YES;
				SWIFT_EMIT_LOC_STRINGS = YES;
				SWIFT_VERSION = 5.0;
				TARGETED_DEVICE_FAMILY = 4;
				WATCHOS_DEPLOYMENT_TARGET = 8.0;
			};
			name = Debug;
		};
		75CCAA452A90751C00969DB3 /* Release */ = {
			isa = XCBuildConfiguration;
			buildSettings = {
				CODE_SIGN_IDENTITY = "Apple Development";
				CODE_SIGN_STYLE = Automatic;
				CURRENT_PROJECT_VERSION = 1;
				DEVELOPMENT_ASSET_PATHS = "WatchLandmarks\\ (Notification)/Preview\\ Content/Preview\\ Assets.xcassets";
				DEVELOPMENT_TEAM = H27JM57C3W;
				GENERATE_INFOPLIST_FILE = YES;
				INFOPLIST_FILE = "WatchLandmarks (Notification)/Info.plist";
				INFOPLIST_KEY_CFBundleDisplayName = "WatchLandmarks (Notification)";
				INFOPLIST_KEY_NSHumanReadableCopyright = "";
				INFOPLIST_KEY_WKRunsIndependentlyOfCompanionApp = YES;
				LD_RUNPATH_SEARCH_PATHS = (
					"$(inherited)",
					"@executable_path/Frameworks",
					"@executable_path/../../Frameworks",
					"@executable_path/../../../../Frameworks",
				);
				MARKETING_VERSION = 1.0;
				PRODUCT_BUNDLE_IDENTIFIER = "ritalindeveloper.Landmarks.watchkitapp.WatchLandmarks--Notification-";
				PRODUCT_NAME = "$(TARGET_NAME)";
				PROVISIONING_PROFILE_SPECIFIER = "";
				SDKROOT = watchos;
				SKIP_INSTALL = YES;
				SWIFT_EMIT_LOC_STRINGS = YES;
				SWIFT_VERSION = 5.0;
				TARGETED_DEVICE_FAMILY = 4;
				WATCHOS_DEPLOYMENT_TARGET = 8.0;
			};
			name = Release;
		};
/* End XCBuildConfiguration section */

/* Begin XCConfigurationList section */
		752B8FEF2A901AC100484F8D /* Build configuration list for PBXNativeTarget "WatchLandmarks Watch App" */ = {
			isa = XCConfigurationList;
			buildConfigurations = (
				752B8FF02A901AC100484F8D /* Debug */,
				752B8FF12A901AC100484F8D /* Release */,
			);
			defaultConfigurationIsVisible = 0;
			defaultConfigurationName = Release;
		};
		7539742F2A7C3C9E00491DB6 /* Build configuration list for PBXProject "Landmarks" */ = {
			isa = XCConfigurationList;
			buildConfigurations = (
				753974402A7C3CA000491DB6 /* Debug */,
				753974412A7C3CA000491DB6 /* Release */,
			);
			defaultConfigurationIsVisible = 0;
			defaultConfigurationName = Release;
		};
		753974422A7C3CA000491DB6 /* Build configuration list for PBXNativeTarget "Landmarks" */ = {
			isa = XCConfigurationList;
			buildConfigurations = (
				753974432A7C3CA000491DB6 /* Debug */,
				753974442A7C3CA000491DB6 /* Release */,
			);
			defaultConfigurationIsVisible = 0;
			defaultConfigurationName = Release;
		};
		758587292AA5F57500AC1D3A /* Build configuration list for PBXNativeTarget "MacLandmarks" */ = {
			isa = XCConfigurationList;
			buildConfigurations = (
				758587272AA5F57500AC1D3A /* Debug */,
				758587282AA5F57500AC1D3A /* Release */,
			);
			defaultConfigurationIsVisible = 0;
			defaultConfigurationName = Release;
		};
		75CCAA432A90751C00969DB3 /* Build configuration list for PBXNativeTarget "WatchLandmarks (Notification)" */ = {
			isa = XCConfigurationList;
			buildConfigurations = (
				75CCAA442A90751C00969DB3 /* Debug */,
				75CCAA452A90751C00969DB3 /* Release */,
			);
			defaultConfigurationIsVisible = 0;
			defaultConfigurationName = Release;
		};
/* End XCConfigurationList section */
	};
	rootObject = 7539742C2A7C3C9E00491DB6 /* Project object */;
}
